
Microsoft Visual Studio Solution File, Format Version 12.00
# Visual Studio Version 17
VisualStudioVersion = 17.5.002.0
MinimumVisualStudioVersion = 10.0.40219.1
Project("{9A19103F-16F7-4668-BE54-9A1E7A4F7556}") = "NioZero.Web", "NioZero.Web\NioZero.Web.csproj", "{FA991B29-2F16-48DB-B0C7-C3A5ECD59CFD}"
EndProject
Project("{9A19103F-16F7-4668-BE54-9A1E7A4F7556}") = "NioZero.Data", "NioZero.Data\NioZero.Data.csproj", "{93374976-4D20-4516-9756-89B61D21786B}"
EndProject
Global
	GlobalSection(SolutionConfigurationPlatforms) = preSolution
		Debug|Any CPU = Debug|Any CPU
		Release|Any CPU = Release|Any CPU
	EndGlobalSection
	GlobalSection(ProjectConfigurationPlatforms) = postSolution
		{FA991B29-2F16-48DB-B0C7-C3A5ECD59CFD}.Debug|Any CPU.ActiveCfg = Debug|Any CPU
		{FA991B29-2F16-48DB-B0C7-C3A5ECD59CFD}.Debug|Any CPU.Build.0 = Debug|Any CPU
		{FA991B29-2F16-48DB-B0C7-C3A5ECD59CFD}.Release|Any CPU.ActiveCfg = Release|Any CPU
		{FA991B29-2F16-48DB-B0C7-C3A5ECD59CFD}.Release|Any CPU.Build.0 = Release|Any CPU
		{93374976-4D20-4516-9756-89B61D21786B}.Debug|Any CPU.ActiveCfg = Debug|Any CPU
		{93374976-4D20-4516-9756-89B61D21786B}.Debug|Any CPU.Build.0 = Debug|Any CPU
		{93374976-4D20-4516-9756-89B61D21786B}.Release|Any CPU.ActiveCfg = Release|Any CPU
		{93374976-4D20-4516-9756-89B61D21786B}.Release|Any CPU.Build.0 = Release|Any CPU
	EndGlobalSection
	GlobalSection(SolutionProperties) = preSolution
		HideSolutionNode = FALSE
	EndGlobalSection
	GlobalSection(ExtensibilityGlobals) = postSolution
		SolutionGuid = {3E08CAC0-0020-4D20-BB5F-D50FE62EE0A4}
	EndGlobalSection
EndGlobal
